
Microsoft Visual Studio Solution File, Format Version 12.00
Project("{FAE04EC0-301F-11D3-BF4B-00C04F79EFBC}") = "TPGestionGarage", "TPGestionGarage\TPGestionGarage.csproj", "{7B96EC57-7EFD-4D7A-8C62-1315B30A568D}"
EndProject
Global
	GlobalSection(SolutionConfigurationPlatforms) = preSolution
		Debug|Any CPU = Debug|Any CPU
		Release|Any CPU = Release|Any CPU
	EndGlobalSection
	GlobalSection(ProjectConfigurationPlatforms) = postSolution
		{7B96EC57-7EFD-4D7A-8C62-1315B30A568D}.Debug|Any CPU.ActiveCfg = Debug|Any CPU
		{7B96EC57-7EFD-4D7A-8C62-1315B30A568D}.Debug|Any CPU.Build.0 = Debug|Any CPU
		{7B96EC57-7EFD-4D7A-8C62-1315B30A568D}.Release|Any CPU.ActiveCfg = Release|Any CPU
		{7B96EC57-7EFD-4D7A-8C62-1315B30A568D}.Release|Any CPU.Build.0 = Release|Any CPU
	EndGlobalSection
EndGlobal
